
Microsoft Visual Studio Solution File, Format Version 12.00
# Visual Studio Version 16
VisualStudioVersion = 16.0.31205.134
MinimumVisualStudioVersion = 10.0.40219.1
Project("{FAE04EC0-301F-11D3-BF4B-00C04F79EFBC}") = "Task1", "Task1\Task1.csproj", "{E5ED0959-CDD5-4DA1-886D-68BDC7AE339C}"
EndProject
Global
	GlobalSection(SolutionConfigurationPlatforms) = preSolution
		Debug|Any CPU = Debug|Any CPU
		Release|Any CPU = Release|Any CPU
	EndGlobalSection
	GlobalSection(ProjectConfigurationPlatforms) = postSolution
		{E5ED0959-CDD5-4DA1-886D-68BDC7AE339C}.Debug|Any CPU.ActiveCfg = Debug|Any CPU
		{E5ED0959-CDD5-4DA1-886D-68BDC7AE339C}.Debug|Any CPU.Build.0 = Debug|Any CPU
		{E5ED0959-CDD5-4DA1-886D-68BDC7AE339C}.Release|Any CPU.ActiveCfg = Release|Any CPU
		{E5ED0959-CDD5-4DA1-886D-68BDC7AE339C}.Release|Any CPU.Build.0 = Release|Any CPU
	EndGlobalSection
	GlobalSection(SolutionProperties) = preSolution
		HideSolutionNode = FALSE
	EndGlobalSection
	GlobalSection(ExtensibilityGlobals) = postSolution
		SolutionGuid = {0D729A2A-04DE-4798-908C-53E999E065E5}
	EndGlobalSection
EndGlobal
